// !$*UTF8*$!
{
	archiveVersion = 1;
	classes = {
	};
	objectVersion = 52;
	objects = {

/* Begin PBXBuildFile section */
		4D1CC9562336A451004C9945 /* Nimble in Frameworks */ = {isa = PBXBuildFile; productRef = 4D1CC9552336A451004C9945 /* Nimble */; };
		4D1CC9592336A4D0004C9945 /* Quick in Frameworks */ = {isa = PBXBuildFile; productRef = 4D1CC9582336A4D0004C9945 /* Quick */; };
		4DE9F17C2336847E00E70E56 /* AppDelegate.swift in Sources */ = {isa = PBXBuildFile; fileRef = 4DE9F17B2336847E00E70E56 /* AppDelegate.swift */; };
		4DE9F1802336847E00E70E56 /* ViewController.swift in Sources */ = {isa = PBXBuildFile; fileRef = 4DE9F17F2336847E00E70E56 /* ViewController.swift */; };
		4DE9F1832336847E00E70E56 /* Main.storyboard in Resources */ = {isa = PBXBuildFile; fileRef = 4DE9F1812336847E00E70E56 /* Main.storyboard */; };
		4DE9F1852336847E00E70E56 /* Assets.xcassets in Resources */ = {isa = PBXBuildFile; fileRef = 4DE9F1842336847E00E70E56 /* Assets.xcassets */; };
		4DE9F1882336847E00E70E56 /* LaunchScreen.storyboard in Resources */ = {isa = PBXBuildFile; fileRef = 4DE9F1862336847E00E70E56 /* LaunchScreen.storyboard */; };
		4DE9F1922336854E00E70E56 /* KeyboardNotificationsObserver in Frameworks */ = {isa = PBXBuildFile; productRef = 4DE9F1912336854E00E70E56 /* KeyboardNotificationsObserver */; };
		4DE9F19A2336863200E70E56 /* ExampleTests.swift in Sources */ = {isa = PBXBuildFile; fileRef = 4DE9F1992336863200E70E56 /* ExampleTests.swift */; };
/* End PBXBuildFile section */

/* Begin PBXContainerItemProxy section */
		4DE9F19C2336863200E70E56 /* PBXContainerItemProxy */ = {
			isa = PBXContainerItemProxy;
			containerPortal = 4DE9F1702336847E00E70E56 /* Project object */;
			proxyType = 1;
			remoteGlobalIDString = 4DE9F1772336847E00E70E56;
			remoteInfo = Example;
		};
/* End PBXContainerItemProxy section */

/* Begin PBXFileReference section */
		4DE9F1782336847E00E70E56 /* Example.app */ = {isa = PBXFileReference; explicitFileType = wrapper.application; includeInIndex = 0; path = Example.app; sourceTree = BUILT_PRODUCTS_DIR; };
		4DE9F17B2336847E00E70E56 /* AppDelegate.swift */ = {isa = PBXFileReference; lastKnownFileType = sourcecode.swift; path = AppDelegate.swift; sourceTree = "<group>"; };
		4DE9F17F2336847E00E70E56 /* ViewController.swift */ = {isa = PBXFileReference; lastKnownFileType = sourcecode.swift; path = ViewController.swift; sourceTree = "<group>"; };
		4DE9F1822336847E00E70E56 /* Base */ = {isa = PBXFileReference; lastKnownFileType = file.storyboard; name = Base; path = Base.lproj/Main.storyboard; sourceTree = "<group>"; };
		4DE9F1842336847E00E70E56 /* Assets.xcassets */ = {isa = PBXFileReference; lastKnownFileType = folder.assetcatalog; path = Assets.xcassets; sourceTree = "<group>"; };
		4DE9F1872336847E00E70E56 /* Base */ = {isa = PBXFileReference; lastKnownFileType = file.storyboard; name = Base; path = Base.lproj/LaunchScreen.storyboard; sourceTree = "<group>"; };
		4DE9F1892336847E00E70E56 /* Info.plist */ = {isa = PBXFileReference; lastKnownFileType = text.plist.xml; path = Info.plist; sourceTree = "<group>"; };
		4DE9F18F2336854300E70E56 /* KeyboardNotificationsObserver */ = {isa = PBXFileReference; lastKnownFileType = folder; name = KeyboardNotificationsObserver; path = ..; sourceTree = "<group>"; };
		4DE9F1972336863200E70E56 /* ExampleTests.xctest */ = {isa = PBXFileReference; explicitFileType = wrapper.cfbundle; includeInIndex = 0; path = ExampleTests.xctest; sourceTree = BUILT_PRODUCTS_DIR; };
		4DE9F1992336863200E70E56 /* ExampleTests.swift */ = {isa = PBXFileReference; lastKnownFileType = sourcecode.swift; path = ExampleTests.swift; sourceTree = "<group>"; };
		4DE9F19B2336863200E70E56 /* Info.plist */ = {isa = PBXFileReference; lastKnownFileType = text.plist.xml; path = Info.plist; sourceTree = "<group>"; };
/* End PBXFileReference section */

/* Begin PBXFrameworksBuildPhase section */
		4DE9F1752336847E00E70E56 /* Frameworks */ = {
			isa = PBXFrameworksBuildPhase;
			buildActionMask = 2147483647;
			files = (
				4DE9F1922336854E00E70E56 /* KeyboardNotificationsObserver in Frameworks */,
			);
			runOnlyForDeploymentPostprocessing = 0;
		};
		4DE9F1942336863200E70E56 /* Frameworks */ = {
			isa = PBXFrameworksBuildPhase;
			buildActionMask = 2147483647;
			files = (
				4D1CC9592336A4D0004C9945 /* Quick in Frameworks */,
				4D1CC9562336A451004C9945 /* Nimble in Frameworks */,
			);
			runOnlyForDeploymentPostprocessing = 0;
		};
/* End PBXFrameworksBuildPhase section */

/* Begin PBXGroup section */
		4DE9F16F2336847E00E70E56 = {
			isa = PBXGroup;
			children = (
				4DE9F18F2336854300E70E56 /* KeyboardNotificationsObserver */,
				4DE9F17A2336847E00E70E56 /* Example */,
				4DE9F1982336863200E70E56 /* ExampleTests */,
				4DE9F1792336847E00E70E56 /* Products */,
				4DE9F1902336854E00E70E56 /* Frameworks */,
			);
			sourceTree = "<group>";
		};
		4DE9F1792336847E00E70E56 /* Products */ = {
			isa = PBXGroup;
			children = (
				4DE9F1782336847E00E70E56 /* Example.app */,
				4DE9F1972336863200E70E56 /* ExampleTests.xctest */,
			);
			name = Products;
			sourceTree = "<group>";
		};
		4DE9F17A2336847E00E70E56 /* Example */ = {
			isa = PBXGroup;
			children = (
				4DE9F17B2336847E00E70E56 /* AppDelegate.swift */,
				4DE9F17F2336847E00E70E56 /* ViewController.swift */,
				4DE9F1812336847E00E70E56 /* Main.storyboard */,
				4DE9F1842336847E00E70E56 /* Assets.xcassets */,
				4DE9F1862336847E00E70E56 /* LaunchScreen.storyboard */,
				4DE9F1892336847E00E70E56 /* Info.plist */,
			);
			path = Example;
			sourceTree = "<group>";
		};
		4DE9F1902336854E00E70E56 /* Frameworks */ = {
			isa = PBXGroup;
			children = (
			);
			name = Frameworks;
			sourceTree = "<group>";
		};
		4DE9F1982336863200E70E56 /* ExampleTests */ = {
			isa = PBXGroup;
			children = (
				4DE9F1992336863200E70E56 /* ExampleTests.swift */,
				4DE9F19B2336863200E70E56 /* Info.plist */,
			);
			path = ExampleTests;
			sourceTree = "<group>";
		};
/* End PBXGroup section */

/* Begin PBXNativeTarget section */
		4DE9F1772336847E00E70E56 /* Example */ = {
			isa = PBXNativeTarget;
			buildConfigurationList = 4DE9F18C2336847E00E70E56 /* Build configuration list for PBXNativeTarget "Example" */;
			buildPhases = (
				4DE9F1742336847E00E70E56 /* Sources */,
				4DE9F1752336847E00E70E56 /* Frameworks */,
				4DE9F1762336847E00E70E56 /* Resources */,
			);
			buildRules = (
			);
			dependencies = (
				4D1CC94923369FDC004C9945 /* PBXTargetDependency */,
			);
			name = Example;
			packageProductDependencies = (
				4DE9F1912336854E00E70E56 /* KeyboardNotificationsObserver */,
			);
			productName = Example;
			productReference = 4DE9F1782336847E00E70E56 /* Example.app */;
			productType = "com.apple.product-type.application";
		};
		4DE9F1962336863200E70E56 /* ExampleTests */ = {
			isa = PBXNativeTarget;
			buildConfigurationList = 4DE9F19E2336863200E70E56 /* Build configuration list for PBXNativeTarget "ExampleTests" */;
			buildPhases = (
				4DE9F1932336863200E70E56 /* Sources */,
				4DE9F1942336863200E70E56 /* Frameworks */,
				4DE9F1952336863200E70E56 /* Resources */,
			);
			buildRules = (
			);
			dependencies = (
				4DE9F19D2336863200E70E56 /* PBXTargetDependency */,
			);
			name = ExampleTests;
			packageProductDependencies = (
				4D1CC9552336A451004C9945 /* Nimble */,
				4D1CC9582336A4D0004C9945 /* Quick */,
			);
			productName = ExampleTests;
			productReference = 4DE9F1972336863200E70E56 /* ExampleTests.xctest */;
			productType = "com.apple.product-type.bundle.unit-test";
		};
/* End PBXNativeTarget section */

/* Begin PBXProject section */
		4DE9F1702336847E00E70E56 /* Project object */ = {
			isa = PBXProject;
			attributes = {
				LastSwiftUpdateCheck = 1100;
				LastUpgradeCheck = 1100;
				ORGANIZATIONNAME = "Aleksey Kuznetsov";
				TargetAttributes = {
					4DE9F1772336847E00E70E56 = {
						CreatedOnToolsVersion = 11.0;
					};
					4DE9F1962336863200E70E56 = {
						CreatedOnToolsVersion = 11.0;
						TestTargetID = 4DE9F1772336847E00E70E56;
					};
				};
			};
			buildConfigurationList = 4DE9F1732336847E00E70E56 /* Build configuration list for PBXProject "Example" */;
			compatibilityVersion = "Xcode 9.3";
			developmentRegion = en;
			hasScannedForEncodings = 0;
			knownRegions = (
				en,
				Base,
			);
			mainGroup = 4DE9F16F2336847E00E70E56;
			packageReferences = (
				4D1CC9542336A451004C9945 /* XCRemoteSwiftPackageReference "Nimble" */,
				4D1CC9572336A4D0004C9945 /* XCRemoteSwiftPackageReference "Quick" */,
			);
			productRefGroup = 4DE9F1792336847E00E70E56 /* Products */;
			projectDirPath = "";
			projectRoot = "";
			targets = (
				4DE9F1772336847E00E70E56 /* Example */,
				4DE9F1962336863200E70E56 /* ExampleTests */,
			);
		};
/* End PBXProject section */

/* Begin PBXResourcesBuildPhase section */
		4DE9F1762336847E00E70E56 /* Resources */ = {
			isa = PBXResourcesBuildPhase;
			buildActionMask = 2147483647;
			files = (
				4DE9F1882336847E00E70E56 /* LaunchScreen.storyboard in Resources */,
				4DE9F1852336847E00E70E56 /* Assets.xcassets in Resources */,
				4DE9F1832336847E00E70E56 /* Main.storyboard in Resources */,
			);
			runOnlyForDeploymentPostprocessing = 0;
		};
		4DE9F1952336863200E70E56 /* Resources */ = {
			isa = PBXResourcesBuildPhase;
			buildActionMask = 2147483647;
			files = (
			);
			runOnlyForDeploymentPostprocessing = 0;
		};
/* End PBXResourcesBuildPhase section */

/* Begin PBXSourcesBuildPhase section */
		4DE9F1742336847E00E70E56 /* Sources */ = {
			isa = PBXSourcesBuildPhase;
			buildActionMask = 2147483647;
			files = (
				4DE9F1802336847E00E70E56 /* ViewController.swift in Sources */,
				4DE9F17C2336847E00E70E56 /* AppDelegate.swift in Sources */,
			);
			runOnlyForDeploymentPostprocessing = 0;
		};
		4DE9F1932336863200E70E56 /* Sources */ = {
			isa = PBXSourcesBuildPhase;
			buildActionMask = 2147483647;
			files = (
				4DE9F19A2336863200E70E56 /* ExampleTests.swift in Sources */,
			);
			runOnlyForDeploymentPostprocessing = 0;
		};
/* End PBXSourcesBuildPhase section */

/* Begin PBXTargetDependency section */
		4D1CC94923369FDC004C9945 /* PBXTargetDependency */ = {
			isa = PBXTargetDependency;
			productRef = 4D1CC94823369FDC004C9945 /* KeyboardNotificationsObserver */;
		};
		4DE9F19D2336863200E70E56 /* PBXTargetDependency */ = {
			isa = PBXTargetDependency;
			target = 4DE9F1772336847E00E70E56 /* Example */;
			targetProxy = 4DE9F19C2336863200E70E56 /* PBXContainerItemProxy */;
		};
/* End PBXTargetDependency section */

/* Begin PBXVariantGroup section */
		4DE9F1812336847E00E70E56 /* Main.storyboard */ = {
			isa = PBXVariantGroup;
			children = (
				4DE9F1822336847E00E70E56 /* Base */,
			);
			name = Main.storyboard;
			sourceTree = "<group>";
		};
		4DE9F1862336847E00E70E56 /* LaunchScreen.storyboard */ = {
			isa = PBXVariantGroup;
			children = (
				4DE9F1872336847E00E70E56 /* Base */,
			);
			name = LaunchScreen.storyboard;
			sourceTree = "<group>";
		};
/* End PBXVariantGroup section */

/* Begin XCBuildConfiguration section */
		4DE9F18A2336847E00E70E56 /* Debug */ = {
			isa = XCBuildConfiguration;
			buildSettings = {
				ALWAYS_SEARCH_USER_PATHS = NO;
				CLANG_ANALYZER_NONNULL = YES;
				CLANG_ANALYZER_NUMBER_OBJECT_CONVERSION = YES_AGGRESSIVE;
				CLANG_CXX_LANGUAGE_STANDARD = "gnu++14";
				CLANG_CXX_LIBRARY = "libc++";
				CLANG_ENABLE_MODULES = YES;
				CLANG_ENABLE_OBJC_ARC = YES;
				CLANG_ENABLE_OBJC_WEAK = YES;
				CLANG_WARN_BLOCK_CAPTURE_AUTORELEASING = YES;
				CLANG_WARN_BOOL_CONVERSION = YES;
				CLANG_WARN_COMMA = YES;
				CLANG_WARN_CONSTANT_CONVERSION = YES;
				CLANG_WARN_DEPRECATED_OBJC_IMPLEMENTATIONS = YES;
				CLANG_WARN_DIRECT_OBJC_ISA_USAGE = YES_ERROR;
				CLANG_WARN_DOCUMENTATION_COMMENTS = YES;
				CLANG_WARN_EMPTY_BODY = YES;
				CLANG_WARN_ENUM_CONVERSION = YES;
				CLANG_WARN_INFINITE_RECURSION = YES;
				CLANG_WARN_INT_CONVERSION = YES;
				CLANG_WARN_NON_LITERAL_NULL_CONVERSION = YES;
				CLANG_WARN_OBJC_IMPLICIT_RETAIN_SELF = YES;
				CLANG_WARN_OBJC_LITERAL_CONVERSION = YES;
				CLANG_WARN_OBJC_ROOT_CLASS = YES_ERROR;
				CLANG_WARN_RANGE_LOOP_ANALYSIS = YES;
				CLANG_WARN_STRICT_PROTOTYPES = YES;
				CLANG_WARN_SUSPICIOUS_MOVE = YES;
				CLANG_WARN_UNGUARDED_AVAILABILITY = YES_AGGRESSIVE;
				CLANG_WARN_UNREACHABLE_CODE = YES;
				CLANG_WARN__DUPLICATE_METHOD_MATCH = YES;
				COPY_PHASE_STRIP = NO;
				DEBUG_INFORMATION_FORMAT = dwarf;
				ENABLE_STRICT_OBJC_MSGSEND = YES;
				ENABLE_TESTABILITY = YES;
				GCC_C_LANGUAGE_STANDARD = gnu11;
				GCC_DYNAMIC_NO_PIC = NO;
				GCC_NO_COMMON_BLOCKS = YES;
				GCC_OPTIMIZATION_LEVEL = 0;
				GCC_PREPROCESSOR_DEFINITIONS = (
					"DEBUG=1",
					"$(inherited)",
				);
				GCC_WARN_64_TO_32_BIT_CONVERSION = YES;
				GCC_WARN_ABOUT_RETURN_TYPE = YES_ERROR;
				GCC_WARN_UNDECLARED_SELECTOR = YES;
				GCC_WARN_UNINITIALIZED_AUTOS = YES_AGGRESSIVE;
				GCC_WARN_UNUSED_FUNCTION = YES;
				GCC_WARN_UNUSED_VARIABLE = YES;
				IPHONEOS_DEPLOYMENT_TARGET = 13.0;
				MTL_ENABLE_DEBUG_INFO = INCLUDE_SOURCE;
				MTL_FAST_MATH = YES;
				ONLY_ACTIVE_ARCH = YES;
				SDKROOT = iphoneos;
				SWIFT_ACTIVE_COMPILATION_CONDITIONS = DEBUG;
				SWIFT_OPTIMIZATION_LEVEL = "-Onone";
			};
			name = Debug;
		};
		4DE9F18B2336847E00E70E56 /* Release */ = {
			isa = XCBuildConfiguration;
			buildSettings = {
				ALWAYS_SEARCH_USER_PATHS = NO;
				CLANG_ANALYZER_NONNULL = YES;
				CLANG_ANALYZER_NUMBER_OBJECT_CONVERSION = YES_AGGRESSIVE;
				CLANG_CXX_LANGUAGE_STANDARD = "gnu++14";
				CLANG_CXX_LIBRARY = "libc++";
				CLANG_ENABLE_MODULES = YES;
				CLANG_ENABLE_OBJC_ARC = YES;
				CLANG_ENABLE_OBJC_WEAK = YES;
				CLANG_WARN_BLOCK_CAPTURE_AUTORELEASING = YES;
				CLANG_WARN_BOOL_CONVERSION = YES;
				CLANG_WARN_COMMA = YES;
				CLANG_WARN_CONSTANT_CONVERSION = YES;
				CLANG_WARN_DEPRECATED_OBJC_IMPLEMENTATIONS = YES;
				CLANG_WARN_DIRECT_OBJC_ISA_USAGE = YES_ERROR;
				CLANG_WARN_DOCUMENTATION_COMMENTS = YES;
				CLANG_WARN_EMPTY_BODY = YES;
				CLANG_WARN_ENUM_CONVERSION = YES;
				CLANG_WARN_INFINITE_RECURSION = YES;
				CLANG_WARN_INT_CONVERSION = YES;
				CLANG_WARN_NON_LITERAL_NULL_CONVERSION = YES;
				CLANG_WARN_OBJC_IMPLICIT_RETAIN_SELF = YES;
				CLANG_WARN_OBJC_LITERAL_CONVERSION = YES;
				CLANG_WARN_OBJC_ROOT_CLASS = YES_ERROR;
				CLANG_WARN_RANGE_LOOP_ANALYSIS = YES;
				CLANG_WARN_STRICT_PROTOTYPES = YES;
				CLANG_WARN_SUSPICIOUS_MOVE = YES;
				CLANG_WARN_UNGUARDED_AVAILABILITY = YES_AGGRESSIVE;
				CLANG_WARN_UNREACHABLE_CODE = YES;
				CLANG_WARN__DUPLICATE_METHOD_MATCH = YES;
				COPY_PHASE_STRIP = NO;
				DEBUG_INFORMATION_FORMAT = "dwarf-with-dsym";
				ENABLE_NS_ASSERTIONS = NO;
				ENABLE_STRICT_OBJC_MSGSEND = YES;
				GCC_C_LANGUAGE_STANDARD = gnu11;
				GCC_NO_COMMON_BLOCKS = YES;
				GCC_WARN_64_TO_32_BIT_CONVERSION = YES;
				GCC_WARN_ABOUT_RETURN_TYPE = YES_ERROR;
				GCC_WARN_UNDECLARED_SELECTOR = YES;
				GCC_WARN_UNINITIALIZED_AUTOS = YES_AGGRESSIVE;
				GCC_WARN_UNUSED_FUNCTION = YES;
				GCC_WARN_UNUSED_VARIABLE = YES;
				IPHONEOS_DEPLOYMENT_TARGET = 13.0;
				MTL_ENABLE_DEBUG_INFO = NO;
				MTL_FAST_MATH = YES;
				SDKROOT = iphoneos;
				SWIFT_COMPILATION_MODE = wholemodule;
				SWIFT_OPTIMIZATION_LEVEL = "-O";
				VALIDATE_PRODUCT = YES;
			};
			name = Release;
		};
		4DE9F18D2336847E00E70E56 /* Debug */ = {
			isa = XCBuildConfiguration;
			buildSettings = {
				ASSETCATALOG_COMPILER_APPICON_NAME = AppIcon;
				CODE_SIGN_STYLE = Automatic;
				INFOPLIST_FILE = Example/Info.plist;
				LD_RUNPATH_SEARCH_PATHS = (
					"$(inherited)",
					"@executable_path/Frameworks",
				);
				PRODUCT_BUNDLE_IDENTIFIER = com.spm.Example;
				PRODUCT_NAME = "$(TARGET_NAME)";
				SWIFT_VERSION = 5.0;
				TARGETED_DEVICE_FAMILY = "1,2";
			};
			name = Debug;
		};
		4DE9F18E2336847E00E70E56 /* Release */ = {
			isa = XCBuildConfiguration;
			buildSettings = {
				ASSETCATALOG_COMPILER_APPICON_NAME = AppIcon;
				CODE_SIGN_STYLE = Automatic;
				INFOPLIST_FILE = Example/Info.plist;
				LD_RUNPATH_SEARCH_PATHS = (
					"$(inherited)",
					"@executable_path/Frameworks",
				);
				PRODUCT_BUNDLE_IDENTIFIER = com.spm.Example;
				PRODUCT_NAME = "$(TARGET_NAME)";
				SWIFT_VERSION = 5.0;
				TARGETED_DEVICE_FAMILY = "1,2";
			};
			name = Release;
		};
		4DE9F19F2336863200E70E56 /* Debug */ = {
			isa = XCBuildConfiguration;
			buildSettings = {
				BUNDLE_LOADER = "$(TEST_HOST)";
				CODE_SIGN_STYLE = Automatic;
				INFOPLIST_FILE = ExampleTests/Info.plist;
				LD_RUNPATH_SEARCH_PATHS = (
					"$(inherited)",
					"@executable_path/Frameworks",
					"@loader_path/Frameworks",
				);
				PRODUCT_BUNDLE_IDENTIFIER = com.spm.ExampleTests;
				PRODUCT_NAME = "$(TARGET_NAME)";
				SWIFT_VERSION = 5.0;
				TARGETED_DEVICE_FAMILY = "1,2";
				TEST_HOST = "$(BUILT_PRODUCTS_DIR)/Example.app/Example";
			};
			name = Debug;
		};
		4DE9F1A02336863200E70E56 /* Release */ = {
			isa = XCBuildConfiguration;
			buildSettings = {
				BUNDLE_LOADER = "$(TEST_HOST)";
				CODE_SIGN_STYLE = Automatic;
				INFOPLIST_FILE = ExampleTests/Info.plist;
				LD_RUNPATH_SEARCH_PATHS = (
					"$(inherited)",
					"@executable_path/Frameworks",
					"@loader_path/Frameworks",
				);
				PRODUCT_BUNDLE_IDENTIFIER = com.spm.ExampleTests;
				PRODUCT_NAME = "$(TARGET_NAME)";
				SWIFT_VERSION = 5.0;
				TARGETED_DEVICE_FAMILY = "1,2";
				TEST_HOST = "$(BUILT_PRODUCTS_DIR)/Example.app/Example";
			};
			name = Release;
		};
/* End XCBuildConfiguration section */

/* Begin XCConfigurationList section */
		4DE9F1732336847E00E70E56 /* Build configuration list for PBXProject "Example" */ = {
			isa = XCConfigurationList;
			buildConfigurations = (
				4DE9F18A2336847E00E70E56 /* Debug */,
				4DE9F18B2336847E00E70E56 /* Release */,
			);
			defaultConfigurationIsVisible = 0;
			defaultConfigurationName = Release;
		};
		4DE9F18C2336847E00E70E56 /* Build configuration list for PBXNativeTarget "Example" */ = {
			isa = XCConfigurationList;
			buildConfigurations = (
				4DE9F18D2336847E00E70E56 /* Debug */,
				4DE9F18E2336847E00E70E56 /* Release */,
			);
			defaultConfigurationIsVisible = 0;
			defaultConfigurationName = Release;
		};
		4DE9F19E2336863200E70E56 /* Build configuration list for PBXNativeTarget "ExampleTests" */ = {
			isa = XCConfigurationList;
			buildConfigurations = (
				4DE9F19F2336863200E70E56 /* Debug */,
				4DE9F1A02336863200E70E56 /* Release */,
			);
			defaultConfigurationIsVisible = 0;
			defaultConfigurationName = Release;
		};
/* End XCConfigurationList section */

/* Begin XCRemoteSwiftPackageReference section */
		4D1CC9542336A451004C9945 /* XCRemoteSwiftPackageReference "Nimble" */ = {
			isa = XCRemoteSwiftPackageReference;
			repositoryURL = "https://github.com/Quick/Nimble";
			requirement = {
				kind = exactVersion;
				version = 8.0.2;
			};
		};
		4D1CC9572336A4D0004C9945 /* XCRemoteSwiftPackageReference "Quick" */ = {
			isa = XCRemoteSwiftPackageReference;
			repositoryURL = "https://github.com/Quick/Quick";
			requirement = {
				kind = upToNextMajorVersion;
				minimumVersion = 2.2.0;
			};
		};
/* End XCRemoteSwiftPackageReference section */

/* Begin XCSwiftPackageProductDependency section */
		4D1CC94823369FDC004C9945 /* KeyboardNotificationsObserver */ = {
			isa = XCSwiftPackageProductDependency;
			productName = KeyboardNotificationsObserver;
		};
		4D1CC9552336A451004C9945 /* Nimble */ = {
			isa = XCSwiftPackageProductDependency;
			package = 4D1CC9542336A451004C9945 /* XCRemoteSwiftPackageReference "Nimble" */;
			productName = Nimble;
		};
		4D1CC9582336A4D0004C9945 /* Quick */ = {
			isa = XCSwiftPackageProductDependency;
			package = 4D1CC9572336A4D0004C9945 /* XCRemoteSwiftPackageReference "Quick" */;
			productName = Quick;
		};
		4DE9F1912336854E00E70E56 /* KeyboardNotificationsObserver */ = {
			isa = XCSwiftPackageProductDependency;
			productName = KeyboardNotificationsObserver;
		};
/* End XCSwiftPackageProductDependency section */
	};
	rootObject = 4DE9F1702336847E00E70E56 /* Project object */;
}
